
Microsoft Visual Studio Solution File, Format Version 12.00
# Visual Studio 15
VisualStudioVersion = 15.0.26430.15
MinimumVisualStudioVersion = 10.0.40219.1
Project("{FAE04EC0-301F-11D3-BF4B-00C04F79EFBC}") = "Tomelt.Web", "Tomelt.Web\Tomelt.Web.csproj", "{D013D4CC-AFB3-4DF1-BCFB-92E5A588F130}"
EndProject
Project("{FAE04EC0-301F-11D3-BF4B-00C04F79EFBC}") = "Tomelt.WarmupStarter", "Tomelt.WarmupStarter\Tomelt.WarmupStarter.csproj", "{6C078A40-EF95-4500-80A2-17065D73136D}"
EndProject
Project("{2150E333-8FDC-42A3-9474-1A3956D46DE8}") = "Tools", "Tools", "{303EA339-9C9C-4995-A724-A70E5B0CFC1A}"
EndProject
Project("{FAE04EC0-301F-11D3-BF4B-00C04F79EFBC}") = "Themes", "Tomelt.Web\Themes\Themes.csproj", "{170F345B-9AC1-4B0B-94E4-2A568C917837}"
EndProject
Project("{FAE04EC0-301F-11D3-BF4B-00C04F79EFBC}") = "Tomelt.Framework", "Tomelt\Tomelt.Framework.csproj", "{4891C1AD-8E36-4707-BAAF-B31DD4FA898B}"
EndProject
Project("{FAE04EC0-301F-11D3-BF4B-00C04F79EFBC}") = "Tomelt.Core", "Tomelt.Web\Core\Tomelt.Core.csproj", "{C5E7C981-EF40-433C-A2CA-02089EC248B8}"
EndProject
Project("{FAE04EC0-301F-11D3-BF4B-00C04F79EFBC}") = "Tomelt", "Tools\Tomelt\Tomelt.csproj", "{E4D34268-FD96-4D4F-B9EE-016076B8FAA5}"
EndProject
Project("{2150E333-8FDC-42A3-9474-1A3956D46DE8}") = "Modules", "Modules", "{239D2A11-0445-4AFD-8672-F0FBCE9E4BCC}"
EndProject
Project("{FAE04EC0-301F-11D3-BF4B-00C04F79EFBC}") = "Tomelt.Layouts", "Tomelt.Web\Modules\Tomelt.Layouts\Tomelt.Layouts.csproj", "{B7F316F5-B73D-4B82-89C6-5CD70BCC32A6}"
EndProject
Project("{FAE04EC0-301F-11D3-BF4B-00C04F79EFBC}") = "Tomelt.Alias", "Tomelt.Web\Modules\Tomelt.Alias\Tomelt.Alias.csproj", "{F7C4D32A-697E-4FB1-AC23-356416B0AE7B}"
EndProject
Project("{FAE04EC0-301F-11D3-BF4B-00C04F79EFBC}") = "Tomelt.Autoroute", "Tomelt.Web\Modules\Tomelt.Autoroute\Tomelt.Autoroute.csproj", "{5D2DFFDD-0DD3-48C4-856B-27C1AD1DE7AD}"
EndProject
Project("{FAE04EC0-301F-11D3-BF4B-00C04F79EFBC}") = "Tomelt.ContentTypes", "Tomelt.Web\Modules\Tomelt.ContentTypes\Tomelt.ContentTypes.csproj", "{8DA4A44D-0E84-4C66-8988-307D01E18696}"
EndProject
Project("{FAE04EC0-301F-11D3-BF4B-00C04F79EFBC}") = "Tomelt.Modules", "Tomelt.Web\Modules\Tomelt.Modules\Tomelt.Modules.csproj", "{6BD9C197-A31B-4CD6-95DD-0D89607721AE}"
EndProject
Project("{FAE04EC0-301F-11D3-BF4B-00C04F79EFBC}") = "Tomelt.Packaging", "Tomelt.Web\Modules\Tomelt.Packaging\Tomelt.Packaging.csproj", "{119BD4B9-3897-4FAF-ACDB-788FFFEB95C4}"
EndProject
Project("{FAE04EC0-301F-11D3-BF4B-00C04F79EFBC}") = "Tomelt.Themes", "Tomelt.Web\Modules\Tomelt.Themes\Tomelt.Themes.csproj", "{DEFA4A4B-921F-4A67-B8DA-154C47DABFBF}"
EndProject
Project("{FAE04EC0-301F-11D3-BF4B-00C04F79EFBC}") = "Tomelt.Tokens", "Tomelt.Web\Modules\Tomelt.Tokens\Tomelt.Tokens.csproj", "{AE96246E-30D5-49D4-94E2-5E865E71C4B5}"
EndProject
Project("{FAE04EC0-301F-11D3-BF4B-00C04F79EFBC}") = "Markdown", "Tomelt.Web\Modules\Markdown\Markdown.csproj", "{7BE5CF08-614F-4E7E-A393-DBA2099C5690}"
EndProject
Project("{FAE04EC0-301F-11D3-BF4B-00C04F79EFBC}") = "Tomelt.MediaLibrary", "Tomelt.Web\Modules\Tomelt.MediaLibrary\Tomelt.MediaLibrary.csproj", "{2112D619-C9E3-4101-9FC5-C2F5F493B8A8}"
EndProject
Project("{FAE04EC0-301F-11D3-BF4B-00C04F79EFBC}") = "Tomelt.Scripting", "Tomelt.Web\Modules\Tomelt.Scripting\Tomelt.Scripting.csproj", "{83F3A0DC-5F78-4658-89DE-121282FF338A}"
EndProject
Project("{FAE04EC0-301F-11D3-BF4B-00C04F79EFBC}") = "Tomelt.Conditions", "Tomelt.Web\Modules\Tomelt.Conditions\Tomelt.Conditions.csproj", "{E8E71442-05DD-4B79-B1F8-A74498F2AAE6}"
EndProject
Project("{FAE04EC0-301F-11D3-BF4B-00C04F79EFBC}") = "Tomelt.Forms", "Tomelt.Web\Modules\Tomelt.Forms\Tomelt.Forms.csproj", "{D36D0F3F-CD34-4455-9552-521E7F57EB48}"
EndProject
Project("{FAE04EC0-301F-11D3-BF4B-00C04F79EFBC}") = "Tomelt.Projections", "Tomelt.Web\Modules\Tomelt.Projections\Tomelt.Projections.csproj", "{9B4F55D9-7806-4FEA-9693-860DC11E88AD}"
EndProject
Project("{FAE04EC0-301F-11D3-BF4B-00C04F79EFBC}") = "Tomelt.Recipes", "Tomelt.Web\Modules\Tomelt.Recipes\Tomelt.Recipes.csproj", "{D9E30B38-0F62-4061-B253-F3FAF13E22E0}"
EndProject
Project("{FAE04EC0-301F-11D3-BF4B-00C04F79EFBC}") = "Tomelt.Resources", "Tomelt.Web\Modules\Tomelt.Resources\Tomelt.Resources.csproj", "{7C3A0453-40C0-46E2-944B-8ABDEDE2D790}"
EndProject
Project("{FAE04EC0-301F-11D3-BF4B-00C04F79EFBC}") = "Tomelt.Setup", "Tomelt.Web\Modules\Tomelt.Setup\Tomelt.Setup.csproj", "{5E350B9D-5919-440E-9C66-045C4E1FC85C}"
EndProject
Global
	GlobalSection(SolutionConfigurationPlatforms) = preSolution
		Debug|Any CPU = Debug|Any CPU
		Release|Any CPU = Release|Any CPU
	EndGlobalSection
	GlobalSection(ProjectConfigurationPlatforms) = postSolution
		{D013D4CC-AFB3-4DF1-BCFB-92E5A588F130}.Debug|Any CPU.ActiveCfg = Debug|Any CPU
		{D013D4CC-AFB3-4DF1-BCFB-92E5A588F130}.Debug|Any CPU.Build.0 = Debug|Any CPU
		{D013D4CC-AFB3-4DF1-BCFB-92E5A588F130}.Release|Any CPU.ActiveCfg = Release|Any CPU
		{D013D4CC-AFB3-4DF1-BCFB-92E5A588F130}.Release|Any CPU.Build.0 = Release|Any CPU
		{6C078A40-EF95-4500-80A2-17065D73136D}.Debug|Any CPU.ActiveCfg = Debug|Any CPU
		{6C078A40-EF95-4500-80A2-17065D73136D}.Debug|Any CPU.Build.0 = Debug|Any CPU
		{6C078A40-EF95-4500-80A2-17065D73136D}.Release|Any CPU.ActiveCfg = Release|Any CPU
		{6C078A40-EF95-4500-80A2-17065D73136D}.Release|Any CPU.Build.0 = Release|Any CPU
		{170F345B-9AC1-4B0B-94E4-2A568C917837}.Debug|Any CPU.ActiveCfg = Debug|Any CPU
		{170F345B-9AC1-4B0B-94E4-2A568C917837}.Debug|Any CPU.Build.0 = Debug|Any CPU
		{170F345B-9AC1-4B0B-94E4-2A568C917837}.Release|Any CPU.ActiveCfg = Release|Any CPU
		{170F345B-9AC1-4B0B-94E4-2A568C917837}.Release|Any CPU.Build.0 = Release|Any CPU
		{4891C1AD-8E36-4707-BAAF-B31DD4FA898B}.Debug|Any CPU.ActiveCfg = Debug|Any CPU
		{4891C1AD-8E36-4707-BAAF-B31DD4FA898B}.Debug|Any CPU.Build.0 = Debug|Any CPU
		{4891C1AD-8E36-4707-BAAF-B31DD4FA898B}.Release|Any CPU.ActiveCfg = Release|Any CPU
		{4891C1AD-8E36-4707-BAAF-B31DD4FA898B}.Release|Any CPU.Build.0 = Release|Any CPU
		{C5E7C981-EF40-433C-A2CA-02089EC248B8}.Debug|Any CPU.ActiveCfg = Debug|Any CPU
		{C5E7C981-EF40-433C-A2CA-02089EC248B8}.Debug|Any CPU.Build.0 = Debug|Any CPU
		{C5E7C981-EF40-433C-A2CA-02089EC248B8}.Release|Any CPU.ActiveCfg = Release|Any CPU
		{C5E7C981-EF40-433C-A2CA-02089EC248B8}.Release|Any CPU.Build.0 = Release|Any CPU
		{E4D34268-FD96-4D4F-B9EE-016076B8FAA5}.Debug|Any CPU.ActiveCfg = Debug|Any CPU
		{E4D34268-FD96-4D4F-B9EE-016076B8FAA5}.Debug|Any CPU.Build.0 = Debug|Any CPU
		{E4D34268-FD96-4D4F-B9EE-016076B8FAA5}.Release|Any CPU.ActiveCfg = Release|Any CPU
		{E4D34268-FD96-4D4F-B9EE-016076B8FAA5}.Release|Any CPU.Build.0 = Release|Any CPU
		{B7F316F5-B73D-4B82-89C6-5CD70BCC32A6}.Debug|Any CPU.ActiveCfg = Debug|Any CPU
		{B7F316F5-B73D-4B82-89C6-5CD70BCC32A6}.Debug|Any CPU.Build.0 = Debug|Any CPU
		{B7F316F5-B73D-4B82-89C6-5CD70BCC32A6}.Release|Any CPU.ActiveCfg = Release|Any CPU
		{B7F316F5-B73D-4B82-89C6-5CD70BCC32A6}.Release|Any CPU.Build.0 = Release|Any CPU
		{F7C4D32A-697E-4FB1-AC23-356416B0AE7B}.Debug|Any CPU.ActiveCfg = Debug|Any CPU
		{F7C4D32A-697E-4FB1-AC23-356416B0AE7B}.Debug|Any CPU.Build.0 = Debug|Any CPU
		{F7C4D32A-697E-4FB1-AC23-356416B0AE7B}.Release|Any CPU.ActiveCfg = Release|Any CPU
		{F7C4D32A-697E-4FB1-AC23-356416B0AE7B}.Release|Any CPU.Build.0 = Release|Any CPU
		{5D2DFFDD-0DD3-48C4-856B-27C1AD1DE7AD}.Debug|Any CPU.ActiveCfg = Debug|Any CPU
		{5D2DFFDD-0DD3-48C4-856B-27C1AD1DE7AD}.Debug|Any CPU.Build.0 = Debug|Any CPU
		{5D2DFFDD-0DD3-48C4-856B-27C1AD1DE7AD}.Release|Any CPU.ActiveCfg = Release|Any CPU
		{5D2DFFDD-0DD3-48C4-856B-27C1AD1DE7AD}.Release|Any CPU.Build.0 = Release|Any CPU
		{8DA4A44D-0E84-4C66-8988-307D01E18696}.Debug|Any CPU.ActiveCfg = Debug|Any CPU
		{8DA4A44D-0E84-4C66-8988-307D01E18696}.Debug|Any CPU.Build.0 = Debug|Any CPU
		{8DA4A44D-0E84-4C66-8988-307D01E18696}.Release|Any CPU.ActiveCfg = Release|Any CPU
		{8DA4A44D-0E84-4C66-8988-307D01E18696}.Release|Any CPU.Build.0 = Release|Any CPU
		{6BD9C197-A31B-4CD6-95DD-0D89607721AE}.Debug|Any CPU.ActiveCfg = Debug|Any CPU
		{6BD9C197-A31B-4CD6-95DD-0D89607721AE}.Debug|Any CPU.Build.0 = Debug|Any CPU
		{6BD9C197-A31B-4CD6-95DD-0D89607721AE}.Release|Any CPU.ActiveCfg = Release|Any CPU
		{6BD9C197-A31B-4CD6-95DD-0D89607721AE}.Release|Any CPU.Build.0 = Release|Any CPU
		{119BD4B9-3897-4FAF-ACDB-788FFFEB95C4}.Debug|Any CPU.ActiveCfg = Debug|Any CPU
		{119BD4B9-3897-4FAF-ACDB-788FFFEB95C4}.Debug|Any CPU.Build.0 = Debug|Any CPU
		{119BD4B9-3897-4FAF-ACDB-788FFFEB95C4}.Release|Any CPU.ActiveCfg = Release|Any CPU
		{119BD4B9-3897-4FAF-ACDB-788FFFEB95C4}.Release|Any CPU.Build.0 = Release|Any CPU
		{DEFA4A4B-921F-4A67-B8DA-154C47DABFBF}.Debug|Any CPU.ActiveCfg = Debug|Any CPU
		{DEFA4A4B-921F-4A67-B8DA-154C47DABFBF}.Debug|Any CPU.Build.0 = Debug|Any CPU
		{DEFA4A4B-921F-4A67-B8DA-154C47DABFBF}.Release|Any CPU.ActiveCfg = Release|Any CPU
		{DEFA4A4B-921F-4A67-B8DA-154C47DABFBF}.Release|Any CPU.Build.0 = Release|Any CPU
		{AE96246E-30D5-49D4-94E2-5E865E71C4B5}.Debug|Any CPU.ActiveCfg = Debug|Any CPU
		{AE96246E-30D5-49D4-94E2-5E865E71C4B5}.Debug|Any CPU.Build.0 = Debug|Any CPU
		{AE96246E-30D5-49D4-94E2-5E865E71C4B5}.Release|Any CPU.ActiveCfg = Release|Any CPU
		{AE96246E-30D5-49D4-94E2-5E865E71C4B5}.Release|Any CPU.Build.0 = Release|Any CPU
		{7BE5CF08-614F-4E7E-A393-DBA2099C5690}.Debug|Any CPU.ActiveCfg = Debug|Any CPU
		{7BE5CF08-614F-4E7E-A393-DBA2099C5690}.Debug|Any CPU.Build.0 = Debug|Any CPU
		{7BE5CF08-614F-4E7E-A393-DBA2099C5690}.Release|Any CPU.ActiveCfg = Release|Any CPU
		{7BE5CF08-614F-4E7E-A393-DBA2099C5690}.Release|Any CPU.Build.0 = Release|Any CPU
		{2112D619-C9E3-4101-9FC5-C2F5F493B8A8}.Debug|Any CPU.ActiveCfg = Debug|Any CPU
		{2112D619-C9E3-4101-9FC5-C2F5F493B8A8}.Debug|Any CPU.Build.0 = Debug|Any CPU
		{2112D619-C9E3-4101-9FC5-C2F5F493B8A8}.Release|Any CPU.ActiveCfg = Release|Any CPU
		{2112D619-C9E3-4101-9FC5-C2F5F493B8A8}.Release|Any CPU.Build.0 = Release|Any CPU
		{83F3A0DC-5F78-4658-89DE-121282FF338A}.Debug|Any CPU.ActiveCfg = Debug|Any CPU
		{83F3A0DC-5F78-4658-89DE-121282FF338A}.Debug|Any CPU.Build.0 = Debug|Any CPU
		{83F3A0DC-5F78-4658-89DE-121282FF338A}.Release|Any CPU.ActiveCfg = Release|Any CPU
		{83F3A0DC-5F78-4658-89DE-121282FF338A}.Release|Any CPU.Build.0 = Release|Any CPU
		{E8E71442-05DD-4B79-B1F8-A74498F2AAE6}.Debug|Any CPU.ActiveCfg = Debug|Any CPU
		{E8E71442-05DD-4B79-B1F8-A74498F2AAE6}.Debug|Any CPU.Build.0 = Debug|Any CPU
		{E8E71442-05DD-4B79-B1F8-A74498F2AAE6}.Release|Any CPU.ActiveCfg = Release|Any CPU
		{E8E71442-05DD-4B79-B1F8-A74498F2AAE6}.Release|Any CPU.Build.0 = Release|Any CPU
		{D36D0F3F-CD34-4455-9552-521E7F57EB48}.Debug|Any CPU.ActiveCfg = Debug|Any CPU
		{D36D0F3F-CD34-4455-9552-521E7F57EB48}.Debug|Any CPU.Build.0 = Debug|Any CPU
		{D36D0F3F-CD34-4455-9552-521E7F57EB48}.Release|Any CPU.ActiveCfg = Release|Any CPU
		{D36D0F3F-CD34-4455-9552-521E7F57EB48}.Release|Any CPU.Build.0 = Release|Any CPU
		{9B4F55D9-7806-4FEA-9693-860DC11E88AD}.Debug|Any CPU.ActiveCfg = Debug|Any CPU
		{9B4F55D9-7806-4FEA-9693-860DC11E88AD}.Debug|Any CPU.Build.0 = Debug|Any CPU
		{9B4F55D9-7806-4FEA-9693-860DC11E88AD}.Release|Any CPU.ActiveCfg = Release|Any CPU
		{9B4F55D9-7806-4FEA-9693-860DC11E88AD}.Release|Any CPU.Build.0 = Release|Any CPU
		{D9E30B38-0F62-4061-B253-F3FAF13E22E0}.Debug|Any CPU.ActiveCfg = Debug|Any CPU
		{D9E30B38-0F62-4061-B253-F3FAF13E22E0}.Debug|Any CPU.Build.0 = Debug|Any CPU
		{D9E30B38-0F62-4061-B253-F3FAF13E22E0}.Release|Any CPU.ActiveCfg = Release|Any CPU
		{D9E30B38-0F62-4061-B253-F3FAF13E22E0}.Release|Any CPU.Build.0 = Release|Any CPU
		{7C3A0453-40C0-46E2-944B-8ABDEDE2D790}.Debug|Any CPU.ActiveCfg = Debug|Any CPU
		{7C3A0453-40C0-46E2-944B-8ABDEDE2D790}.Debug|Any CPU.Build.0 = Debug|Any CPU
		{7C3A0453-40C0-46E2-944B-8ABDEDE2D790}.Release|Any CPU.ActiveCfg = Release|Any CPU
		{7C3A0453-40C0-46E2-944B-8ABDEDE2D790}.Release|Any CPU.Build.0 = Release|Any CPU
		{5E350B9D-5919-440E-9C66-045C4E1FC85C}.Debug|Any CPU.ActiveCfg = Debug|Any CPU
		{5E350B9D-5919-440E-9C66-045C4E1FC85C}.Debug|Any CPU.Build.0 = Debug|Any CPU
		{5E350B9D-5919-440E-9C66-045C4E1FC85C}.Release|Any CPU.ActiveCfg = Release|Any CPU
		{5E350B9D-5919-440E-9C66-045C4E1FC85C}.Release|Any CPU.Build.0 = Release|Any CPU
	EndGlobalSection
	GlobalSection(SolutionProperties) = preSolution
		HideSolutionNode = FALSE
	EndGlobalSection
	GlobalSection(NestedProjects) = preSolution
		{E4D34268-FD96-4D4F-B9EE-016076B8FAA5} = {303EA339-9C9C-4995-A724-A70E5B0CFC1A}
		{B7F316F5-B73D-4B82-89C6-5CD70BCC32A6} = {239D2A11-0445-4AFD-8672-F0FBCE9E4BCC}
		{F7C4D32A-697E-4FB1-AC23-356416B0AE7B} = {239D2A11-0445-4AFD-8672-F0FBCE9E4BCC}
		{5D2DFFDD-0DD3-48C4-856B-27C1AD1DE7AD} = {239D2A11-0445-4AFD-8672-F0FBCE9E4BCC}
		{8DA4A44D-0E84-4C66-8988-307D01E18696} = {239D2A11-0445-4AFD-8672-F0FBCE9E4BCC}
		{6BD9C197-A31B-4CD6-95DD-0D89607721AE} = {239D2A11-0445-4AFD-8672-F0FBCE9E4BCC}
		{119BD4B9-3897-4FAF-ACDB-788FFFEB95C4} = {239D2A11-0445-4AFD-8672-F0FBCE9E4BCC}
		{DEFA4A4B-921F-4A67-B8DA-154C47DABFBF} = {239D2A11-0445-4AFD-8672-F0FBCE9E4BCC}
		{AE96246E-30D5-49D4-94E2-5E865E71C4B5} = {239D2A11-0445-4AFD-8672-F0FBCE9E4BCC}
		{7BE5CF08-614F-4E7E-A393-DBA2099C5690} = {239D2A11-0445-4AFD-8672-F0FBCE9E4BCC}
		{2112D619-C9E3-4101-9FC5-C2F5F493B8A8} = {239D2A11-0445-4AFD-8672-F0FBCE9E4BCC}
		{83F3A0DC-5F78-4658-89DE-121282FF338A} = {239D2A11-0445-4AFD-8672-F0FBCE9E4BCC}
		{E8E71442-05DD-4B79-B1F8-A74498F2AAE6} = {239D2A11-0445-4AFD-8672-F0FBCE9E4BCC}
		{D36D0F3F-CD34-4455-9552-521E7F57EB48} = {239D2A11-0445-4AFD-8672-F0FBCE9E4BCC}
		{9B4F55D9-7806-4FEA-9693-860DC11E88AD} = {239D2A11-0445-4AFD-8672-F0FBCE9E4BCC}
		{D9E30B38-0F62-4061-B253-F3FAF13E22E0} = {239D2A11-0445-4AFD-8672-F0FBCE9E4BCC}
		{7C3A0453-40C0-46E2-944B-8ABDEDE2D790} = {239D2A11-0445-4AFD-8672-F0FBCE9E4BCC}
		{5E350B9D-5919-440E-9C66-045C4E1FC85C} = {239D2A11-0445-4AFD-8672-F0FBCE9E4BCC}
	EndGlobalSection
EndGlobal
